<?xml version="1.0" encoding="UTF-8" standalone="yes" ?>
<CodeBlocks_project_file>
	<FileVersion major="1" minor="6" />
	<Project>
		<Option title="Pacman" />
		<Option pch_mode="2" />
		<Option compiler="gcc" />
		<Build>
			<Target title="Debug">
				<Option output="bin/Debug/Pacman" prefix_auto="1" extension_auto="1" />
				<Option object_output="obj/Debug/" />
				<Option type="0" />
				<Option compiler="gcc" />
				<Compiler>
					<Add option="-g" />
				</Compiler>
			</Target>
			<Target title="Release">
				<Option output="bin/Release/Pacman" prefix_auto="1" extension_auto="1" />
				<Option object_output="obj/Release/" />
				<Option type="0" />
				<Option compiler="gcc" />
				<Compiler>
					<Add option="-O2" />
				</Compiler>
				<Linker>
					<Add option="-s" />
				</Linker>
			</Target>
		</Build>
		<Compiler>
			<Add option="-Wall" />
			<Add option="-fexceptions" />
		</Compiler>
		<Linker>
			<Add library="mingw32" />
			<Add library="SDLmain" />
			<Add library="SDL_image" />
			<Add library="SDL_ttf" />
			<Add library="SDL_mixer" />
			<Add library="SDL" />
		</Linker>
		<Unit filename="AnimDemo.cpp" />
		<Unit filename="AnimDemo.h" />
		<Unit filename="Animation.cpp" />
		<Unit filename="Animation.h" />
		<Unit filename="Define.h" />
		<Unit filename="Entity.h" />
		<Unit filename="FPS.cpp" />
		<Unit filename="FPS.h" />
		<Unit filename="GameState.h" />
		<Unit filename="Ghost.cpp" />
		<Unit filename="Ghost.h" />
		<Unit filename="Icon.rc">
			<Option compilerVar="WINDRES" />
		</Unit>
		<Unit filename="MainGame.cpp" />
		<Unit filename="MainGame.h" />
		<Unit filename="Pacman.cpp" />
		<Unit filename="Pacman.h" />
		<Unit filename="Player.cpp" />
		<Unit filename="Player.h" />
		<Unit filename="SoundBank.cpp" />
		<Unit filename="SoundBank.h" />
		<Unit filename="StartMenu.cpp" />
		<Unit filename="StartMenu.h" />
		<Unit filename="SurfaceHandler.cpp" />
		<Unit filename="SurfaceHandler.h" />
		<Extensions>
			<code_completion />
			<envvars />
			<debugger />
		</Extensions>
	</Project>
</CodeBlocks_project_file>
